PODS:
  - Kingfisher (3.2.2)
  - Reachability (3.2)
  - Realm (2.1.2):
    - Realm/Headers (= 2.1.2)
  - Realm/Headers (2.1.2)
  - RealmSwift (2.1.2):
    - Realm (= 2.1.2)
  - RxBlocking (3.1.0):
    - RxSwift (~> 3.1)
  - RxCocoa (3.1.0):
    - RxSwift (~> 3.1)
  - RxDataSources (1.0.0):
    - RxCocoa (~> 3.0)
    - RxSwift (~> 3.0)
  - RxRealm (0.4.1):
    - RealmSwift (~> 2.1)
    - RxSwift (~> 3.1)
  - RxRealmDataSources (0.2.0):
    - RealmSwift (~> 2.1)
    - RxCocoa (~> 3.1)
    - RxRealm (~> 0.4.1)
    - RxSwift (~> 3.1)
  - RxSwift (3.1.0)
  - RxTest (3.1.0):
    - RxSwift (~> 3.0)
  - Then (2.1.0)
  - Unbox (2.3.0)

DEPENDENCIES:
  - Kingfisher (= 3.2.2)
  - Reachability (= 3.2.0)
  - RealmSwift (= 2.1.2)
  - RxBlocking
  - RxCocoa (= 3.1)
  - RxDataSources (= 1.0.0)
  - RxRealm (= 0.4.1)
  - RxRealmDataSources (= 0.2.0)
  - RxSwift (= 3.1)
  - RxTest (= 3.1)
  - Then (= 2.1.0)
  - Unbox (= 2.3.0)

SPEC CHECKSUMS:
  Kingfisher: 821466474ad7ffc375a4aecadfa05068cfed67b3
  Reachability: 33e18b67625424e47b6cde6d202dce689ad7af96
  Realm: efe855f4d977c8ce5a82d3116d9f1ff155a6550c
  RealmSwift: 17d6ee30b6f9df86364408c2197492e33bfea567
  RxBlocking: cd73ef6a5f8c39cede9488178c46aa0c3c3ed17f
  RxCocoa: 50d7564866da9299161e86a263ce12a0873904d8
  RxDataSources: 824693e84d00781d0a5e5cedc1ff95ce9250aacd
  RxRealm: 5ff7bbc8ccf44067cf83e0ddfb6402af417f9332
  RxRealmDataSources: 8f7ff1a1dc946a4550bf8e6eb9e55b1945fb313d
  RxSwift: 83ff553e7593fdfdcb2562933a64c0284dffdadc
  RxTest: 661e33b5022682961784da03cf79c175fcc4bd64
  Then: 8496793c8fcac95482b943909b440724c7d8d82c
  Unbox: 5ba1966ebe99b5d568d432626323331eedd33458

PODFILE CHECKSUM: 6c7486f096bd01c01c634d913c4dc57afac0146c

COCOAPODS: 1.1.0.beta.1
